
Microsoft Visual Studio Solution File, Format Version 12.00
# Visual Studio Version 17
VisualStudioVersion = 17.5.33424.131
MinimumVisualStudioVersion = 10.0.40219.1
Project("{FAE04EC0-301F-11D3-BF4B-00C04F79EFBC}") = "Chess6_onallo", "Chess6_onallo.csproj", "{28259D9B-A156-4D00-B1E3-BDA755F9298E}"
EndProject
Global
	GlobalSection(SolutionConfigurationPlatforms) = preSolution
		Debug|Any CPU = Debug|Any CPU
		Release|Any CPU = Release|Any CPU
	EndGlobalSection
	GlobalSection(ProjectConfigurationPlatforms) = postSolution
		{28259D9B-A156-4D00-B1E3-BDA755F9298E}.Debug|Any CPU.ActiveCfg = Debug|Any CPU
		{28259D9B-A156-4D00-B1E3-BDA755F9298E}.Debug|Any CPU.Build.0 = Debug|Any CPU
		{28259D9B-A156-4D00-B1E3-BDA755F9298E}.Release|Any CPU.ActiveCfg = Release|Any CPU
		{28259D9B-A156-4D00-B1E3-BDA755F9298E}.Release|Any CPU.Build.0 = Release|Any CPU
	EndGlobalSection
	GlobalSection(SolutionProperties) = preSolution
		HideSolutionNode = FALSE
	EndGlobalSection
	GlobalSection(ExtensibilityGlobals) = postSolution
		SolutionGuid = {C19628B4-190A-4620-90D8-4240536BA946}
	EndGlobalSection
EndGlobal
