
Microsoft Visual Studio Solution File, Format Version 12.00
# Visual Studio Version 17
VisualStudioVersion = 17.13.35806.99 d17.13
MinimumVisualStudioVersion = 10.0.40219.1
Project("{FAE04EC0-301F-11D3-BF4B-00C04F79EFBC}") = "3.óra_önálló_NumberLine", "3.óra_önálló_NumberLine\3.óra_önálló_NumberLine.csproj", "{3BC2D7ED-F3E9-45E2-9596-C7C09AC81174}"
EndProject
Global
	GlobalSection(SolutionConfigurationPlatforms) = preSolution
		Debug|Any CPU = Debug|Any CPU
		Release|Any CPU = Release|Any CPU
	EndGlobalSection
	GlobalSection(ProjectConfigurationPlatforms) = postSolution
		{3BC2D7ED-F3E9-45E2-9596-C7C09AC81174}.Debug|Any CPU.ActiveCfg = Debug|Any CPU
		{3BC2D7ED-F3E9-45E2-9596-C7C09AC81174}.Debug|Any CPU.Build.0 = Debug|Any CPU
		{3BC2D7ED-F3E9-45E2-9596-C7C09AC81174}.Release|Any CPU.ActiveCfg = Release|Any CPU
		{3BC2D7ED-F3E9-45E2-9596-C7C09AC81174}.Release|Any CPU.Build.0 = Release|Any CPU
	EndGlobalSection
	GlobalSection(SolutionProperties) = preSolution
		HideSolutionNode = FALSE
	EndGlobalSection
	GlobalSection(ExtensibilityGlobals) = postSolution
		SolutionGuid = {41D1852F-ED6D-4A28-AE9C-8568812169E7}
	EndGlobalSection
EndGlobal
