
Microsoft Visual Studio Solution File, Format Version 12.00
# Visual Studio Version 17
VisualStudioVersion = 17.13.35806.99 d17.13
MinimumVisualStudioVersion = 10.0.40219.1
Project("{FAE04EC0-301F-11D3-BF4B-00C04F79EFBC}") = "3.óra_közös_Person", "3.óra_közös_Person\3.óra_közös_Person.csproj", "{C9DB8B71-4B1E-4629-B2C0-D6516A2D5901}"
EndProject
Global
	GlobalSection(SolutionConfigurationPlatforms) = preSolution
		Debug|Any CPU = Debug|Any CPU
		Release|Any CPU = Release|Any CPU
	EndGlobalSection
	GlobalSection(ProjectConfigurationPlatforms) = postSolution
		{C9DB8B71-4B1E-4629-B2C0-D6516A2D5901}.Debug|Any CPU.ActiveCfg = Debug|Any CPU
		{C9DB8B71-4B1E-4629-B2C0-D6516A2D5901}.Debug|Any CPU.Build.0 = Debug|Any CPU
		{C9DB8B71-4B1E-4629-B2C0-D6516A2D5901}.Release|Any CPU.ActiveCfg = Release|Any CPU
		{C9DB8B71-4B1E-4629-B2C0-D6516A2D5901}.Release|Any CPU.Build.0 = Release|Any CPU
	EndGlobalSection
	GlobalSection(SolutionProperties) = preSolution
		HideSolutionNode = FALSE
	EndGlobalSection
	GlobalSection(ExtensibilityGlobals) = postSolution
		SolutionGuid = {AF0790A6-206E-4D74-B358-3A1BF9E28B29}
	EndGlobalSection
EndGlobal
