
Microsoft Visual Studio Solution File, Format Version 12.00
# Visual Studio Version 17
VisualStudioVersion = 17.9.34622.214
MinimumVisualStudioVersion = 10.0.40219.1
Project("{FAE04EC0-301F-11D3-BF4B-00C04F79EFBC}") = "9_Event9_Kozos", "9_Event9_Kozos.csproj", "{64EF9948-0E79-4762-B1B0-4009F0EDEA62}"
EndProject
Global
	GlobalSection(SolutionConfigurationPlatforms) = preSolution
		Debug|Any CPU = Debug|Any CPU
		Release|Any CPU = Release|Any CPU
	EndGlobalSection
	GlobalSection(ProjectConfigurationPlatforms) = postSolution
		{64EF9948-0E79-4762-B1B0-4009F0EDEA62}.Debug|Any CPU.ActiveCfg = Debug|Any CPU
		{64EF9948-0E79-4762-B1B0-4009F0EDEA62}.Debug|Any CPU.Build.0 = Debug|Any CPU
		{64EF9948-0E79-4762-B1B0-4009F0EDEA62}.Release|Any CPU.ActiveCfg = Release|Any CPU
		{64EF9948-0E79-4762-B1B0-4009F0EDEA62}.Release|Any CPU.Build.0 = Release|Any CPU
	EndGlobalSection
	GlobalSection(SolutionProperties) = preSolution
		HideSolutionNode = FALSE
	EndGlobalSection
	GlobalSection(ExtensibilityGlobals) = postSolution
		SolutionGuid = {AC51675E-69EA-402A-8936-5FA02DC7D23D}
	EndGlobalSection
EndGlobal
