
Microsoft Visual Studio Solution File, Format Version 12.00
# Visual Studio Version 17
VisualStudioVersion = 17.13.35806.99 d17.13
MinimumVisualStudioVersion = 10.0.40219.1
Project("{FAE04EC0-301F-11D3-BF4B-00C04F79EFBC}") = "01_gyakorlas", "01_gyakorlas\01_gyakorlas.csproj", "{02C6A8EC-1C6D-4D52-8317-F4642C4B0803}"
EndProject
Global
	GlobalSection(SolutionConfigurationPlatforms) = preSolution
		Debug|Any CPU = Debug|Any CPU
		Release|Any CPU = Release|Any CPU
	EndGlobalSection
	GlobalSection(ProjectConfigurationPlatforms) = postSolution
		{02C6A8EC-1C6D-4D52-8317-F4642C4B0803}.Debug|Any CPU.ActiveCfg = Debug|Any CPU
		{02C6A8EC-1C6D-4D52-8317-F4642C4B0803}.Debug|Any CPU.Build.0 = Debug|Any CPU
		{02C6A8EC-1C6D-4D52-8317-F4642C4B0803}.Release|Any CPU.ActiveCfg = Release|Any CPU
		{02C6A8EC-1C6D-4D52-8317-F4642C4B0803}.Release|Any CPU.Build.0 = Release|Any CPU
	EndGlobalSection
	GlobalSection(SolutionProperties) = preSolution
		HideSolutionNode = FALSE
	EndGlobalSection
	GlobalSection(ExtensibilityGlobals) = postSolution
		SolutionGuid = {88B126B4-D71C-4DED-905E-47210B7BE40E}
	EndGlobalSection
EndGlobal
