
Microsoft Visual Studio Solution File, Format Version 12.00
# Visual Studio Version 17
VisualStudioVersion = 17.13.35806.99 d17.13
MinimumVisualStudioVersion = 10.0.40219.1
Project("{FAE04EC0-301F-11D3-BF4B-00C04F79EFBC}") = "hazi_feladatok", "hazi_feladatok\hazi_feladatok.csproj", "{703C1E2A-33E3-43E8-A8E4-B95F8CE49DD1}"
EndProject
Global
	GlobalSection(SolutionConfigurationPlatforms) = preSolution
		Debug|Any CPU = Debug|Any CPU
		Release|Any CPU = Release|Any CPU
	EndGlobalSection
	GlobalSection(ProjectConfigurationPlatforms) = postSolution
		{703C1E2A-33E3-43E8-A8E4-B95F8CE49DD1}.Debug|Any CPU.ActiveCfg = Debug|Any CPU
		{703C1E2A-33E3-43E8-A8E4-B95F8CE49DD1}.Debug|Any CPU.Build.0 = Debug|Any CPU
		{703C1E2A-33E3-43E8-A8E4-B95F8CE49DD1}.Release|Any CPU.ActiveCfg = Release|Any CPU
		{703C1E2A-33E3-43E8-A8E4-B95F8CE49DD1}.Release|Any CPU.Build.0 = Release|Any CPU
	EndGlobalSection
	GlobalSection(SolutionProperties) = preSolution
		HideSolutionNode = FALSE
	EndGlobalSection
	GlobalSection(ExtensibilityGlobals) = postSolution
		SolutionGuid = {B37EA94E-D19A-4519-AFDB-21CA85E6D342}
	EndGlobalSection
EndGlobal
