
Microsoft Visual Studio Solution File, Format Version 12.00
# Visual Studio Version 17
VisualStudioVersion = 17.13.35806.99 d17.13
MinimumVisualStudioVersion = 10.0.40219.1
Project("{FAE04EC0-301F-11D3-BF4B-00C04F79EFBC}") = "02-02hazi_feladat", "02-02hazi_feladat\02-02hazi_feladat.csproj", "{84FAE79C-5F96-4028-9E05-E6E2380AA4B5}"
EndProject
Global
	GlobalSection(SolutionConfigurationPlatforms) = preSolution
		Debug|Any CPU = Debug|Any CPU
		Release|Any CPU = Release|Any CPU
	EndGlobalSection
	GlobalSection(ProjectConfigurationPlatforms) = postSolution
		{84FAE79C-5F96-4028-9E05-E6E2380AA4B5}.Debug|Any CPU.ActiveCfg = Debug|Any CPU
		{84FAE79C-5F96-4028-9E05-E6E2380AA4B5}.Debug|Any CPU.Build.0 = Debug|Any CPU
		{84FAE79C-5F96-4028-9E05-E6E2380AA4B5}.Release|Any CPU.ActiveCfg = Release|Any CPU
		{84FAE79C-5F96-4028-9E05-E6E2380AA4B5}.Release|Any CPU.Build.0 = Release|Any CPU
	EndGlobalSection
	GlobalSection(SolutionProperties) = preSolution
		HideSolutionNode = FALSE
	EndGlobalSection
	GlobalSection(ExtensibilityGlobals) = postSolution
		SolutionGuid = {FE9D288C-6016-4772-AAD6-8C247214A925}
	EndGlobalSection
EndGlobal
